
Microsoft Visual Studio Solution File, Format Version 12.00
# Visual Studio Version 17
VisualStudioVersion = 17.5.33530.505
MinimumVisualStudioVersion = 10.0.40219.1
Project("{FAE04EC0-301F-11D3-BF4B-00C04F79EFBC}") = "2004_-_-_godunnuk", "2004_-_-_godunnuk\2004_-_-_godunnuk.csproj", "{5670F77D-4595-4E6C-B9CE-94CCBDAB14FF}"
EndProject
Global
	GlobalSection(SolutionConfigurationPlatforms) = preSolution
		Debug|Any CPU = Debug|Any CPU
		Release|Any CPU = Release|Any CPU
	EndGlobalSection
	GlobalSection(ProjectConfigurationPlatforms) = postSolution
		{5670F77D-4595-4E6C-B9CE-94CCBDAB14FF}.Debug|Any CPU.ActiveCfg = Debug|Any CPU
		{5670F77D-4595-4E6C-B9CE-94CCBDAB14FF}.Debug|Any CPU.Build.0 = Debug|Any CPU
		{5670F77D-4595-4E6C-B9CE-94CCBDAB14FF}.Release|Any CPU.ActiveCfg = Release|Any CPU
		{5670F77D-4595-4E6C-B9CE-94CCBDAB14FF}.Release|Any CPU.Build.0 = Release|Any CPU
	EndGlobalSection
	GlobalSection(SolutionProperties) = preSolution
		HideSolutionNode = FALSE
	EndGlobalSection
	GlobalSection(ExtensibilityGlobals) = postSolution
		SolutionGuid = {AD2DCE90-D25E-46EA-8A49-4DCC4BF4AAB5}
	EndGlobalSection
EndGlobal
